// !$*UTF8*$!
{
	archiveVersion = 1;
	classes = {
	};
	objectVersion = 56;
	objects = {

/* Begin PBXBuildFile section */
		4D278F5D2B4EF08B0023C4E0 /* RemindersCloneApp.swift in Sources */ = {isa = PBXBuildFile; fileRef = 4D278F5C2B4EF08B0023C4E0 /* RemindersCloneApp.swift */; };
		4D278F5F2B4EF08B0023C4E0 /* ContentView.swift in Sources */ = {isa = PBXBuildFile; fileRef = 4D278F5E2B4EF08B0023C4E0 /* ContentView.swift */; };
		4D278F612B4EF08D0023C4E0 /* Assets.xcassets in Resources */ = {isa = PBXBuildFile; fileRef = 4D278F602B4EF08D0023C4E0 /* Assets.xcassets */; };
		4D278F642B4EF08D0023C4E0 /* Preview Assets.xcassets in Resources */ = {isa = PBXBuildFile; fileRef = 4D278F632B4EF08D0023C4E0 /* Preview Assets.xcassets */; };
		4D311DA22B500DB60003DD95 /* MyListDetailView.swift in Sources */ = {isa = PBXBuildFile; fileRef = 4D311DA12B500DB60003DD95 /* MyListDetailView.swift */; };
		4D311DA42B502B4B0003DD95 /* ReminderListView.swift in Sources */ = {isa = PBXBuildFile; fileRef = 4D311DA32B502B4B0003DD95 /* ReminderListView.swift */; };
		4D311DA62B5031BB0003DD95 /* AddReminderTitleView.swift in Sources */ = {isa = PBXBuildFile; fileRef = 4D311DA52B5031BB0003DD95 /* AddReminderTitleView.swift */; };
		4D311DA82B503F940003DD95 /* ReminderCellView.swift in Sources */ = {isa = PBXBuildFile; fileRef = 4D311DA72B503F940003DD95 /* ReminderCellView.swift */; };
		4D311DAB2B5042DD0003DD95 /* Date+Extensions.swift in Sources */ = {isa = PBXBuildFile; fileRef = 4D311DAA2B5042DD0003DD95 /* Date+Extensions.swift */; };
		4D311DAD2B504FB10003DD95 /* ReminderDetailView.swift in Sources */ = {isa = PBXBuildFile; fileRef = 4D311DAC2B504FB10003DD95 /* ReminderDetailView.swift */; };
		4D64B64E2B4EFDAF0050081E /* CoreDataProvider.swift in Sources */ = {isa = PBXBuildFile; fileRef = 4D64B64D2B4EFDAF0050081E /* CoreDataProvider.swift */; };
		4D64B6512B4F17330050081E /* RemindersModel.xcdatamodeld in Sources */ = {isa = PBXBuildFile; fileRef = 4D64B64F2B4F17330050081E /* RemindersModel.xcdatamodeld */; };
		4D64B6542B4F18910050081E /* MyList+CoreDataClass.swift in Sources */ = {isa = PBXBuildFile; fileRef = 4D64B6532B4F18910050081E /* MyList+CoreDataClass.swift */; };
		4D64B6562B4F18A50050081E /* MyList+CoreDataProperties.swift in Sources */ = {isa = PBXBuildFile; fileRef = 4D64B6552B4F18A50050081E /* MyList+CoreDataProperties.swift */; };
		4D64B65D2B4F1B360050081E /* AddNewListVIew.swift in Sources */ = {isa = PBXBuildFile; fileRef = 4D64B65C2B4F1B360050081E /* AddNewListVIew.swift */; };
		4D64B6612B4F1CAB0050081E /* ColorPickerView.swift in Sources */ = {isa = PBXBuildFile; fileRef = 4D64B6602B4F1CAB0050081E /* ColorPickerView.swift */; };
		4D64B6642B4F34840050081E /* ReminderService.swift in Sources */ = {isa = PBXBuildFile; fileRef = 4D64B6632B4F34840050081E /* ReminderService.swift */; };
		4D64B6672B4F35B70050081E /* UIColorTransformer.swift in Sources */ = {isa = PBXBuildFile; fileRef = 4D64B6662B4F35B70050081E /* UIColorTransformer.swift */; };
		4D64B6692B4F3B530050081E /* MyListsView.swift in Sources */ = {isa = PBXBuildFile; fileRef = 4D64B6682B4F3B530050081E /* MyListsView.swift */; };
		4D64B66B2B4F3C9A0050081E /* MyListsCellView.swift in Sources */ = {isa = PBXBuildFile; fileRef = 4D64B66A2B4F3C9A0050081E /* MyListsCellView.swift */; };
		4D64B66D2B4F3CD10050081E /* PreviewData.swift in Sources */ = {isa = PBXBuildFile; fileRef = 4D64B66C2B4F3CD10050081E /* PreviewData.swift */; };
/* End PBXBuildFile section */

/* Begin PBXFileReference section */
		4D278F592B4EF08B0023C4E0 /* RemindersClone.app */ = {isa = PBXFileReference; explicitFileType = wrapper.application; includeInIndex = 0; path = RemindersClone.app; sourceTree = BUILT_PRODUCTS_DIR; };
		4D278F5C2B4EF08B0023C4E0 /* RemindersCloneApp.swift */ = {isa = PBXFileReference; lastKnownFileType = sourcecode.swift; path = RemindersCloneApp.swift; sourceTree = "<group>"; };
		4D278F5E2B4EF08B0023C4E0 /* ContentView.swift */ = {isa = PBXFileReference; lastKnownFileType = sourcecode.swift; path = ContentView.swift; sourceTree = "<group>"; };
		4D278F602B4EF08D0023C4E0 /* Assets.xcassets */ = {isa = PBXFileReference; lastKnownFileType = folder.assetcatalog; path = Assets.xcassets; sourceTree = "<group>"; };
		4D278F632B4EF08D0023C4E0 /* Preview Assets.xcassets */ = {isa = PBXFileReference; lastKnownFileType = folder.assetcatalog; path = "Preview Assets.xcassets"; sourceTree = "<group>"; };
		4D311DA12B500DB60003DD95 /* MyListDetailView.swift */ = {isa = PBXFileReference; lastKnownFileType = sourcecode.swift; path = MyListDetailView.swift; sourceTree = "<group>"; };
		4D311DA32B502B4B0003DD95 /* ReminderListView.swift */ = {isa = PBXFileReference; lastKnownFileType = sourcecode.swift; path = ReminderListView.swift; sourceTree = "<group>"; };
		4D311DA52B5031BB0003DD95 /* AddReminderTitleView.swift */ = {isa = PBXFileReference; lastKnownFileType = sourcecode.swift; path = AddReminderTitleView.swift; sourceTree = "<group>"; };
		4D311DA72B503F940003DD95 /* ReminderCellView.swift */ = {isa = PBXFileReference; lastKnownFileType = sourcecode.swift; path = ReminderCellView.swift; sourceTree = "<group>"; };
		4D311DAA2B5042DD0003DD95 /* Date+Extensions.swift */ = {isa = PBXFileReference; lastKnownFileType = sourcecode.swift; path = "Date+Extensions.swift"; sourceTree = "<group>"; };
		4D311DAC2B504FB10003DD95 /* ReminderDetailView.swift */ = {isa = PBXFileReference; lastKnownFileType = sourcecode.swift; path = ReminderDetailView.swift; sourceTree = "<group>"; };
		4D64B64D2B4EFDAF0050081E /* CoreDataProvider.swift */ = {isa = PBXFileReference; lastKnownFileType = sourcecode.swift; path = CoreDataProvider.swift; sourceTree = "<group>"; };
		4D64B6502B4F17330050081E /* RemindersModel.xcdatamodel */ = {isa = PBXFileReference; lastKnownFileType = wrapper.xcdatamodel; path = RemindersModel.xcdatamodel; sourceTree = "<group>"; };
		4D64B6532B4F18910050081E /* MyList+CoreDataClass.swift */ = {isa = PBXFileReference; lastKnownFileType = sourcecode.swift; path = "MyList+CoreDataClass.swift"; sourceTree = "<group>"; };
		4D64B6552B4F18A50050081E /* MyList+CoreDataProperties.swift */ = {isa = PBXFileReference; lastKnownFileType = sourcecode.swift; path = "MyList+CoreDataProperties.swift"; sourceTree = "<group>"; };
		4D64B65C2B4F1B360050081E /* AddNewListVIew.swift */ = {isa = PBXFileReference; lastKnownFileType = sourcecode.swift; path = AddNewListVIew.swift; sourceTree = "<group>"; };
		4D64B6602B4F1CAB0050081E /* ColorPickerView.swift */ = {isa = PBXFileReference; lastKnownFileType = sourcecode.swift; path = ColorPickerView.swift; sourceTree = "<group>"; };
		4D64B6632B4F34840050081E /* ReminderService.swift */ = {isa = PBXFileReference; lastKnownFileType = sourcecode.swift; path = ReminderService.swift; sourceTree = "<group>"; };
		4D64B6662B4F35B70050081E /* UIColorTransformer.swift */ = {isa = PBXFileReference; lastKnownFileType = sourcecode.swift; path = UIColorTransformer.swift; sourceTree = "<group>"; };
		4D64B6682B4F3B530050081E /* MyListsView.swift */ = {isa = PBXFileReference; lastKnownFileType = sourcecode.swift; path = MyListsView.swift; sourceTree = "<group>"; };
		4D64B66A2B4F3C9A0050081E /* MyListsCellView.swift */ = {isa = PBXFileReference; lastKnownFileType = sourcecode.swift; path = MyListsCellView.swift; sourceTree = "<group>"; };
		4D64B66C2B4F3CD10050081E /* PreviewData.swift */ = {isa = PBXFileReference; lastKnownFileType = sourcecode.swift; path = PreviewData.swift; sourceTree = "<group>"; };
/* End PBXFileReference section */

/* Begin PBXFrameworksBuildPhase section */
		4D278F562B4EF08B0023C4E0 /* Frameworks */ = {
			isa = PBXFrameworksBuildPhase;
			buildActionMask = 2147483647;
			files = (
			);
			runOnlyForDeploymentPostprocessing = 0;
		};
/* End PBXFrameworksBuildPhase section */

/* Begin PBXGroup section */
		4D278F502B4EF08B0023C4E0 = {
			isa = PBXGroup;
			children = (
				4D278F5B2B4EF08B0023C4E0 /* RemindersClone */,
				4D278F5A2B4EF08B0023C4E0 /* Products */,
			);
			sourceTree = "<group>";
		};
		4D278F5A2B4EF08B0023C4E0 /* Products */ = {
			isa = PBXGroup;
			children = (
				4D278F592B4EF08B0023C4E0 /* RemindersClone.app */,
			);
			name = Products;
			sourceTree = "<group>";
		};
		4D278F5B2B4EF08B0023C4E0 /* RemindersClone */ = {
			isa = PBXGroup;
			children = (
				4D311DA92B5042C30003DD95 /* Extensions */,
				4D64B6652B4F359A0050081E /* Transformers */,
				4D64B6622B4F34720050081E /* Services */,
				4D64B65B2B4F1B190050081E /* Views */,
				4D64B6522B4F18770050081E /* Models */,
				4D64B64C2B4EFD950050081E /* Data */,
				4D278F5C2B4EF08B0023C4E0 /* RemindersCloneApp.swift */,
				4D278F602B4EF08D0023C4E0 /* Assets.xcassets */,
				4D278F622B4EF08D0023C4E0 /* Preview Content */,
				4D64B64F2B4F17330050081E /* RemindersModel.xcdatamodeld */,
			);
			path = RemindersClone;
			sourceTree = "<group>";
		};
		4D278F622B4EF08D0023C4E0 /* Preview Content */ = {
			isa = PBXGroup;
			children = (
				4D278F632B4EF08D0023C4E0 /* Preview Assets.xcassets */,
				4D64B66C2B4F3CD10050081E /* PreviewData.swift */,
			);
			path = "Preview Content";
			sourceTree = "<group>";
		};
		4D311DA92B5042C30003DD95 /* Extensions */ = {
			isa = PBXGroup;
			children = (
				4D311DAA2B5042DD0003DD95 /* Date+Extensions.swift */,
			);
			path = Extensions;
			sourceTree = "<group>";
		};
		4D64B64C2B4EFD950050081E /* Data */ = {
			isa = PBXGroup;
			children = (
				4D64B64D2B4EFDAF0050081E /* CoreDataProvider.swift */,
			);
			path = Data;
			sourceTree = "<group>";
		};
		4D64B6522B4F18770050081E /* Models */ = {
			isa = PBXGroup;
			children = (
				4D64B6532B4F18910050081E /* MyList+CoreDataClass.swift */,
				4D64B6552B4F18A50050081E /* MyList+CoreDataProperties.swift */,
			);
			path = Models;
			sourceTree = "<group>";
		};
		4D64B65B2B4F1B190050081E /* Views */ = {
			isa = PBXGroup;
			children = (
				4D64B65C2B4F1B360050081E /* AddNewListVIew.swift */,
				4D278F5E2B4EF08B0023C4E0 /* ContentView.swift */,
				4D64B6602B4F1CAB0050081E /* ColorPickerView.swift */,
				4D64B6682B4F3B530050081E /* MyListsView.swift */,
				4D64B66A2B4F3C9A0050081E /* MyListsCellView.swift */,
				4D311DA12B500DB60003DD95 /* MyListDetailView.swift */,
				4D311DA32B502B4B0003DD95 /* ReminderListView.swift */,
				4D311DA52B5031BB0003DD95 /* AddReminderTitleView.swift */,
				4D311DA72B503F940003DD95 /* ReminderCellView.swift */,
				4D311DAC2B504FB10003DD95 /* ReminderDetailView.swift */,
			);
			path = Views;
			sourceTree = "<group>";
		};
		4D64B6622B4F34720050081E /* Services */ = {
			isa = PBXGroup;
			children = (
				4D64B6632B4F34840050081E /* ReminderService.swift */,
			);
			path = Services;
			sourceTree = "<group>";
		};
		4D64B6652B4F359A0050081E /* Transformers */ = {
			isa = PBXGroup;
			children = (
				4D64B6662B4F35B70050081E /* UIColorTransformer.swift */,
			);
			path = Transformers;
			sourceTree = "<group>";
		};
/* End PBXGroup section */

/* Begin PBXNativeTarget section */
		4D278F582B4EF08B0023C4E0 /* RemindersClone */ = {
			isa = PBXNativeTarget;
			buildConfigurationList = 4D278F672B4EF08D0023C4E0 /* Build configuration list for PBXNativeTarget "RemindersClone" */;
			buildPhases = (
				4D278F552B4EF08B0023C4E0 /* Sources */,
				4D278F562B4EF08B0023C4E0 /* Frameworks */,
				4D278F572B4EF08B0023C4E0 /* Resources */,
			);
			buildRules = (
			);
			dependencies = (
			);
			name = RemindersClone;
			productName = RemindersClone;
			productReference = 4D278F592B4EF08B0023C4E0 /* RemindersClone.app */;
			productType = "com.apple.product-type.application";
		};
/* End PBXNativeTarget section */

/* Begin PBXProject section */
		4D278F512B4EF08B0023C4E0 /* Project object */ = {
			isa = PBXProject;
			attributes = {
				BuildIndependentTargetsInParallel = 1;
				LastSwiftUpdateCheck = 1520;
				LastUpgradeCheck = 1520;
				TargetAttributes = {
					4D278F582B4EF08B0023C4E0 = {
						CreatedOnToolsVersion = 15.2;
					};
				};
			};
			buildConfigurationList = 4D278F542B4EF08B0023C4E0 /* Build configuration list for PBXProject "RemindersClone" */;
			compatibilityVersion = "Xcode 14.0";
			developmentRegion = en;
			hasScannedForEncodings = 0;
			knownRegions = (
				en,
				Base,
			);
			mainGroup = 4D278F502B4EF08B0023C4E0;
			productRefGroup = 4D278F5A2B4EF08B0023C4E0 /* Products */;
			projectDirPath = "";
			projectRoot = "";
			targets = (
				4D278F582B4EF08B0023C4E0 /* RemindersClone */,
			);
		};
/* End PBXProject section */

/* Begin PBXResourcesBuildPhase section */
		4D278F572B4EF08B0023C4E0 /* Resources */ = {
			isa = PBXResourcesBuildPhase;
			buildActionMask = 2147483647;
			files = (
				4D278F642B4EF08D0023C4E0 /* Preview Assets.xcassets in Resources */,
				4D278F612B4EF08D0023C4E0 /* Assets.xcassets in Resources */,
			);
			runOnlyForDeploymentPostprocessing = 0;
		};
/* End PBXResourcesBuildPhase section */

/* Begin PBXSourcesBuildPhase section */
		4D278F552B4EF08B0023C4E0 /* Sources */ = {
			isa = PBXSourcesBuildPhase;
			buildActionMask = 2147483647;
			files = (
				4D64B6612B4F1CAB0050081E /* ColorPickerView.swift in Sources */,
				4D311DA62B5031BB0003DD95 /* AddReminderTitleView.swift in Sources */,
				4D278F5F2B4EF08B0023C4E0 /* ContentView.swift in Sources */,
				4D64B6512B4F17330050081E /* RemindersModel.xcdatamodeld in Sources */,
				4D64B6672B4F35B70050081E /* UIColorTransformer.swift in Sources */,
				4D64B66D2B4F3CD10050081E /* PreviewData.swift in Sources */,
				4D64B6692B4F3B530050081E /* MyListsView.swift in Sources */,
				4D278F5D2B4EF08B0023C4E0 /* RemindersCloneApp.swift in Sources */,
				4D64B65D2B4F1B360050081E /* AddNewListVIew.swift in Sources */,
				4D64B6562B4F18A50050081E /* MyList+CoreDataProperties.swift in Sources */,
				4D64B66B2B4F3C9A0050081E /* MyListsCellView.swift in Sources */,
				4D311DAB2B5042DD0003DD95 /* Date+Extensions.swift in Sources */,
				4D64B6542B4F18910050081E /* MyList+CoreDataClass.swift in Sources */,
				4D311DAD2B504FB10003DD95 /* ReminderDetailView.swift in Sources */,
				4D64B64E2B4EFDAF0050081E /* CoreDataProvider.swift in Sources */,
				4D311DA42B502B4B0003DD95 /* ReminderListView.swift in Sources */,
				4D64B6642B4F34840050081E /* ReminderService.swift in Sources */,
				4D311DA22B500DB60003DD95 /* MyListDetailView.swift in Sources */,
				4D311DA82B503F940003DD95 /* ReminderCellView.swift in Sources */,
			);
			runOnlyForDeploymentPostprocessing = 0;
		};
/* End PBXSourcesBuildPhase section */

/* Begin XCBuildConfiguration section */
		4D278F652B4EF08D0023C4E0 /* Debug */ = {
			isa = XCBuildConfiguration;
			buildSettings = {
				ALWAYS_SEARCH_USER_PATHS = NO;
				ASSETCATALOG_COMPILER_GENERATE_SWIFT_ASSET_SYMBOL_EXTENSIONS = YES;
				CLANG_ANALYZER_NONNULL = YES;
				CLANG_ANALYZER_NUMBER_OBJECT_CONVERSION = YES_AGGRESSIVE;
				CLANG_CXX_LANGUAGE_STANDARD = "gnu++20";
				CLANG_ENABLE_MODULES = YES;
				CLANG_ENABLE_OBJC_ARC = YES;
				CLANG_ENABLE_OBJC_WEAK = YES;
				CLANG_WARN_BLOCK_CAPTURE_AUTORELEASING = YES;
				CLANG_WARN_BOOL_CONVERSION = YES;
				CLANG_WARN_COMMA = YES;
				CLANG_WARN_CONSTANT_CONVERSION = YES;
				CLANG_WARN_DEPRECATED_OBJC_IMPLEMENTATIONS = YES;
				CLANG_WARN_DIRECT_OBJC_ISA_USAGE = YES_ERROR;
				CLANG_WARN_DOCUMENTATION_COMMENTS = YES;
				CLANG_WARN_EMPTY_BODY = YES;
				CLANG_WARN_ENUM_CONVERSION = YES;
				CLANG_WARN_INFINITE_RECURSION = YES;
				CLANG_WARN_INT_CONVERSION = YES;
				CLANG_WARN_NON_LITERAL_NULL_CONVERSION = YES;
				CLANG_WARN_OBJC_IMPLICIT_RETAIN_SELF = YES;
				CLANG_WARN_OBJC_LITERAL_CONVERSION = YES;
				CLANG_WARN_OBJC_ROOT_CLASS = YES_ERROR;
				CLANG_WARN_QUOTED_INCLUDE_IN_FRAMEWORK_HEADER = YES;
				CLANG_WARN_RANGE_LOOP_ANALYSIS = YES;
				CLANG_WARN_STRICT_PROTOTYPES = YES;
				CLANG_WARN_SUSPICIOUS_MOVE = YES;
				CLANG_WARN_UNGUARDED_AVAILABILITY = YES_AGGRESSIVE;
				CLANG_WARN_UNREACHABLE_CODE = YES;
				CLANG_WARN__DUPLICATE_METHOD_MATCH = YES;
				COPY_PHASE_STRIP = NO;
				DEBUG_INFORMATION_FORMAT = dwarf;
				ENABLE_STRICT_OBJC_MSGSEND = YES;
				ENABLE_TESTABILITY = YES;
				ENABLE_USER_SCRIPT_SANDBOXING = YES;
				GCC_C_LANGUAGE_STANDARD = gnu17;
				GCC_DYNAMIC_NO_PIC = NO;
				GCC_NO_COMMON_BLOCKS = YES;
				GCC_OPTIMIZATION_LEVEL = 0;
				GCC_PREPROCESSOR_DEFINITIONS = (
					"DEBUG=1",
					"$(inherited)",
				);
				GCC_WARN_64_TO_32_BIT_CONVERSION = YES;
				GCC_WARN_ABOUT_RETURN_TYPE = YES_ERROR;
				GCC_WARN_UNDECLARED_SELECTOR = YES;
				GCC_WARN_UNINITIALIZED_AUTOS = YES_AGGRESSIVE;
				GCC_WARN_UNUSED_FUNCTION = YES;
				GCC_WARN_UNUSED_VARIABLE = YES;
				IPHONEOS_DEPLOYMENT_TARGET = 17.2;
				LOCALIZATION_PREFERS_STRING_CATALOGS = YES;
				MTL_ENABLE_DEBUG_INFO = INCLUDE_SOURCE;
				MTL_FAST_MATH = YES;
				ONLY_ACTIVE_ARCH = YES;
				SDKROOT = iphoneos;
				SWIFT_ACTIVE_COMPILATION_CONDITIONS = "DEBUG $(inherited)";
				SWIFT_OPTIMIZATION_LEVEL = "-Onone";
			};
			name = Debug;
		};
		4D278F662B4EF08D0023C4E0 /* Release */ = {
			isa = XCBuildConfiguration;
			buildSettings = {
				ALWAYS_SEARCH_USER_PATHS = NO;
				ASSETCATALOG_COMPILER_GENERATE_SWIFT_ASSET_SYMBOL_EXTENSIONS = YES;
				CLANG_ANALYZER_NONNULL = YES;
				CLANG_ANALYZER_NUMBER_OBJECT_CONVERSION = YES_AGGRESSIVE;
				CLANG_CXX_LANGUAGE_STANDARD = "gnu++20";
				CLANG_ENABLE_MODULES = YES;
				CLANG_ENABLE_OBJC_ARC = YES;
				CLANG_ENABLE_OBJC_WEAK = YES;
				CLANG_WARN_BLOCK_CAPTURE_AUTORELEASING = YES;
				CLANG_WARN_BOOL_CONVERSION = YES;
				CLANG_WARN_COMMA = YES;
				CLANG_WARN_CONSTANT_CONVERSION = YES;
				CLANG_WARN_DEPRECATED_OBJC_IMPLEMENTATIONS = YES;
				CLANG_WARN_DIRECT_OBJC_ISA_USAGE = YES_ERROR;
				CLANG_WARN_DOCUMENTATION_COMMENTS = YES;
				CLANG_WARN_EMPTY_BODY = YES;
				CLANG_WARN_ENUM_CONVERSION = YES;
				CLANG_WARN_INFINITE_RECURSION = YES;
				CLANG_WARN_INT_CONVERSION = YES;
				CLANG_WARN_NON_LITERAL_NULL_CONVERSION = YES;
				CLANG_WARN_OBJC_IMPLICIT_RETAIN_SELF = YES;
				CLANG_WARN_OBJC_LITERAL_CONVERSION = YES;
				CLANG_WARN_OBJC_ROOT_CLASS = YES_ERROR;
				CLANG_WARN_QUOTED_INCLUDE_IN_FRAMEWORK_HEADER = YES;
				CLANG_WARN_RANGE_LOOP_ANALYSIS = YES;
				CLANG_WARN_STRICT_PROTOTYPES = YES;
				CLANG_WARN_SUSPICIOUS_MOVE = YES;
				CLANG_WARN_UNGUARDED_AVAILABILITY = YES_AGGRESSIVE;
				CLANG_WARN_UNREACHABLE_CODE = YES;
				CLANG_WARN__DUPLICATE_METHOD_MATCH = YES;
				COPY_PHASE_STRIP = NO;
				DEBUG_INFORMATION_FORMAT = "dwarf-with-dsym";
				ENABLE_NS_ASSERTIONS = NO;
				ENABLE_STRICT_OBJC_MSGSEND = YES;
				ENABLE_USER_SCRIPT_SANDBOXING = YES;
				GCC_C_LANGUAGE_STANDARD = gnu17;
				GCC_NO_COMMON_BLOCKS = YES;
				GCC_WARN_64_TO_32_BIT_CONVERSION = YES;
				GCC_WARN_ABOUT_RETURN_TYPE = YES_ERROR;
				GCC_WARN_UNDECLARED_SELECTOR = YES;
				GCC_WARN_UNINITIALIZED_AUTOS = YES_AGGRESSIVE;
				GCC_WARN_UNUSED_FUNCTION = YES;
				GCC_WARN_UNUSED_VARIABLE = YES;
				IPHONEOS_DEPLOYMENT_TARGET = 17.2;
				LOCALIZATION_PREFERS_STRING_CATALOGS = YES;
				MTL_ENABLE_DEBUG_INFO = NO;
				MTL_FAST_MATH = YES;
				SDKROOT = iphoneos;
				SWIFT_COMPILATION_MODE = wholemodule;
				VALIDATE_PRODUCT = YES;
			};
			name = Release;
		};
		4D278F682B4EF08D0023C4E0 /* Debug */ = {
			isa = XCBuildConfiguration;
			buildSettings = {
				ASSETCATALOG_COMPILER_APPICON_NAME = AppIcon;
				ASSETCATALOG_COMPILER_GLOBAL_ACCENT_COLOR_NAME = AccentColor;
				CODE_SIGN_STYLE = Automatic;
				CURRENT_PROJECT_VERSION = 1;
				DEVELOPMENT_ASSET_PATHS = "\"RemindersClone/Preview Content\"";
				DEVELOPMENT_TEAM = 56F54J4H3N;
				ENABLE_PREVIEWS = YES;
				GENERATE_INFOPLIST_FILE = YES;
				INFOPLIST_KEY_UIApplicationSceneManifest_Generation = YES;
				INFOPLIST_KEY_UIApplicationSupportsIndirectInputEvents = YES;
				INFOPLIST_KEY_UILaunchScreen_Generation = YES;
				INFOPLIST_KEY_UISupportedInterfaceOrientations_iPad = "UIInterfaceOrientationPortrait UIInterfaceOrientationPortraitUpsideDown UIInterfaceOrientationLandscapeLeft UIInterfaceOrientationLandscapeRight";
				INFOPLIST_KEY_UISupportedInterfaceOrientations_iPhone = "UIInterfaceOrientationPortrait UIInterfaceOrientationLandscapeLeft UIInterfaceOrientationLandscapeRight";
				IPHONEOS_DEPLOYMENT_TARGET = 16.0;
				LD_RUNPATH_SEARCH_PATHS = (
					"$(inherited)",
					"@executable_path/Frameworks",
				);
				MARKETING_VERSION = 1.0;
				PRODUCT_BUNDLE_IDENTIFIER = mobilesoftwareservices.RemindersClone;
				PRODUCT_NAME = "$(TARGET_NAME)";
				SUPPORTED_PLATFORMS = "iphoneos iphonesimulator";
				SUPPORTS_MACCATALYST = NO;
				SUPPORTS_XR_DESIGNED_FOR_IPHONE_IPAD = NO;
				SWIFT_EMIT_LOC_STRINGS = YES;
				SWIFT_VERSION = 5.0;
				TARGETED_DEVICE_FAMILY = "1,2";
			};
			name = Debug;
		};
		4D278F692B4EF08D0023C4E0 /* Release */ = {
			isa = XCBuildConfiguration;
			buildSettings = {
				ASSETCATALOG_COMPILER_APPICON_NAME = AppIcon;
				ASSETCATALOG_COMPILER_GLOBAL_ACCENT_COLOR_NAME = AccentColor;
				CODE_SIGN_STYLE = Automatic;
				CURRENT_PROJECT_VERSION = 1;
				DEVELOPMENT_ASSET_PATHS = "\"RemindersClone/Preview Content\"";
				DEVELOPMENT_TEAM = 56F54J4H3N;
				ENABLE_PREVIEWS = YES;
				GENERATE_INFOPLIST_FILE = YES;
				INFOPLIST_KEY_UIApplicationSceneManifest_Generation = YES;
				INFOPLIST_KEY_UIApplicationSupportsIndirectInputEvents = YES;
				INFOPLIST_KEY_UILaunchScreen_Generation = YES;
				INFOPLIST_KEY_UISupportedInterfaceOrientations_iPad = "UIInterfaceOrientationPortrait UIInterfaceOrientationPortraitUpsideDown UIInterfaceOrientationLandscapeLeft UIInterfaceOrientationLandscapeRight";
				INFOPLIST_KEY_UISupportedInterfaceOrientations_iPhone = "UIInterfaceOrientationPortrait UIInterfaceOrientationLandscapeLeft UIInterfaceOrientationLandscapeRight";
				IPHONEOS_DEPLOYMENT_TARGET = 16.0;
				LD_RUNPATH_SEARCH_PATHS = (
					"$(inherited)",
					"@executable_path/Frameworks",
				);
				MARKETING_VERSION = 1.0;
				PRODUCT_BUNDLE_IDENTIFIER = mobilesoftwareservices.RemindersClone;
				PRODUCT_NAME = "$(TARGET_NAME)";
				SUPPORTED_PLATFORMS = "iphoneos iphonesimulator";
				SUPPORTS_MACCATALYST = NO;
				SUPPORTS_XR_DESIGNED_FOR_IPHONE_IPAD = NO;
				SWIFT_EMIT_LOC_STRINGS = YES;
				SWIFT_VERSION = 5.0;
				TARGETED_DEVICE_FAMILY = "1,2";
			};
			name = Release;
		};
/* End XCBuildConfiguration section */

/* Begin XCConfigurationList section */
		4D278F542B4EF08B0023C4E0 /* Build configuration list for PBXProject "RemindersClone" */ = {
			isa = XCConfigurationList;
			buildConfigurations = (
				4D278F652B4EF08D0023C4E0 /* Debug */,
				4D278F662B4EF08D0023C4E0 /* Release */,
			);
			defaultConfigurationIsVisible = 0;
			defaultConfigurationName = Release;
		};
		4D278F672B4EF08D0023C4E0 /* Build configuration list for PBXNativeTarget "RemindersClone" */ = {
			isa = XCConfigurationList;
			buildConfigurations = (
				4D278F682B4EF08D0023C4E0 /* Debug */,
				4D278F692B4EF08D0023C4E0 /* Release */,
			);
			defaultConfigurationIsVisible = 0;
			defaultConfigurationName = Release;
		};
/* End XCConfigurationList section */

/* Begin XCVersionGroup section */
		4D64B64F2B4F17330050081E /* RemindersModel.xcdatamodeld */ = {
			isa = XCVersionGroup;
			children = (
				4D64B6502B4F17330050081E /* RemindersModel.xcdatamodel */,
			);
			currentVersion = 4D64B6502B4F17330050081E /* RemindersModel.xcdatamodel */;
			path = RemindersModel.xcdatamodeld;
			sourceTree = "<group>";
			versionGroupType = wrapper.xcdatamodel;
		};
/* End XCVersionGroup section */
	};
	rootObject = 4D278F512B4EF08B0023C4E0 /* Project object */;
}
